
Microsoft Visual Studio Solution File, Format Version 12.00
# Visual Studio Version 17
VisualStudioVersion = 17.8.34330.188
MinimumVisualStudioVersion = 10.0.40219.1
Project("{FAE04EC0-301F-11D3-BF4B-00C04F79EFBC}") = "VoiceRenameDetectorFromDump", "VoiceRenameDetectorFromDump\VoiceRenameDetectorFromDump.csproj", "{68E574E7-FD04-4FAE-80B7-B62A0382CD7F}"
EndProject
Global
	GlobalSection(SolutionConfigurationPlatforms) = preSolution
		Debug|Any CPU = Debug|Any CPU
		Release|Any CPU = Release|Any CPU
	EndGlobalSection
	GlobalSection(ProjectConfigurationPlatforms) = postSolution
		{68E574E7-FD04-4FAE-80B7-B62A0382CD7F}.Debug|Any CPU.ActiveCfg = Debug|Any CPU
		{68E574E7-FD04-4FAE-80B7-B62A0382CD7F}.Debug|Any CPU.Build.0 = Debug|Any CPU
		{68E574E7-FD04-4FAE-80B7-B62A0382CD7F}.Release|Any CPU.ActiveCfg = Release|Any CPU
		{68E574E7-FD04-4FAE-80B7-B62A0382CD7F}.Release|Any CPU.Build.0 = Release|Any CPU
	EndGlobalSection
	GlobalSection(SolutionProperties) = preSolution
		HideSolutionNode = FALSE
	EndGlobalSection
	GlobalSection(ExtensibilityGlobals) = postSolution
		SolutionGuid = {0824AE22-A3F5-43D2-9C64-36494DF1D51C}
	EndGlobalSection
EndGlobal
